{
  "name": "bmas",
  "version": "0.0.1",
  "lockfileVersion": 2,
  "requires": true,
  "packages": {
    "": {
      "name": "bmas",
      "version": "0.0.1",
      "license": "ISC",
      "dependencies": {
        "@assemblyscript/loader": "^0.26.7",
        "benchmark": "^2.1.4"
      },
      "devDependencies": {
        "assemblyscript": "^0.26.7"
      }
    },
    "node_modules/@assemblyscript/loader": {
      "version": "0.26.7",
      "resolved": "https://registry.npmjs.org/@assemblyscript/loader/-/loader-0.26.7.tgz",
      "integrity": "sha512-oYn7LAi6t8WpjUYQU1AwEhXyX+nm1dMOaYRNZrt2/e/iCq8BXMVNh1gAEwoAyH6B+LXLrTyIa8WypYfMGvJIiQ=="
    },
    "node_modules/assemblyscript": {
      "version": "0.26.7",
      "resolved": "https://registry.npmjs.org/assemblyscript/-/assemblyscript-0.26.7.tgz",
      "integrity": "sha512-+zjr7RZotrNleOc2raZQJVIoMQ906LmZP9Q9C9IUft3o5QIzerQdKboHIwyO4HZUZor3dG0e9vIFK7w1l0PCsw==",
      "dev": true,
      "dependencies": {
        "binaryen": "111.0.0-nightly.20230111",
        "long": "^5.2.0"
      },
      "bin": {
        "asc": "bin/asc.js",
        "asinit": "bin/asinit.js"
      },
      "engines": {
        "node": ">=16.0.0",
        "npm": ">=7.0.0"
      },
      "funding": {
        "type": "opencollective",
        "url": "https://opencollective.com/assemblyscript"
      }
    },
    "node_modules/benchmark": {
      "version": "2.1.4",
      "resolved": "https://registry.npmjs.org/benchmark/-/benchmark-2.1.4.tgz",
      "integrity": "sha512-l9MlfN4M1K/H2fbhfMy3B7vJd6AGKJVQn2h6Sg/Yx+KckoUA7ewS5Vv6TjSq18ooE1kS9hhAlQRH3AkXIh/aOQ==",
      "dependencies": {
        "lodash": "^4.17.4",
        "platform": "^1.3.3"
      }
    },
    "node_modules/binaryen": {
      "version": "111.0.0-nightly.20230111",
      "resolved": "https://registry.npmjs.org/binaryen/-/binaryen-111.0.0-nightly.20230111.tgz",
      "integrity": "sha512-CUEED/yMHoGeGnOZhQJW5+Luf5z/F58PHK5lw2feh5fbbqauodgnxyYkc2oxSjYwHHRCmFmaYyeQH4zlhRbebg==",
      "dev": true,
      "bin": {
        "wasm-opt": "bin/wasm-opt",
        "wasm2js": "bin/wasm2js"
      }
    },
    "node_modules/lodash": {
      "version": "4.17.21",
      "resolved": "https://registry.npmjs.org/lodash/-/lodash-4.17.21.tgz",
      "integrity": "sha512-v2kDEe57lecTulaDIuNTPy3Ry4gLGJ6Z1O3vE1krgXZNrsQ+LFTGHVxVjcXPs17LhbZVGedAJv8XZ1tvj5FvSg=="
    },
    "node_modules/long": {
      "version": "5.2.1",
      "resolved": "https://registry.npmjs.org/long/-/long-5.2.1.tgz",
      "integrity": "sha512-GKSNGeNAtw8IryjjkhZxuKB3JzlcLTwjtiQCHKvqQet81I93kXslhDQruGI/QsddO83mcDToBVy7GqGS/zYf/A==",
      "dev": true
    },
    "node_modules/platform": {
      "version": "1.3.6",
      "resolved": "https://registry.npmjs.org/platform/-/platform-1.3.6.tgz",
      "integrity": "sha512-fnWVljUchTro6RiCFvCXBbNhJc2NijN7oIQxbwsyL0buWJPG85v81ehlHI9fXrJsMNgTofEoWIQeClKpgxFLrg=="
    }
  },
  "dependencies": {
    "@assemblyscript/loader": {
      "version": "0.26.7",
      "resolved": "https://registry.npmjs.org/@assemblyscript/loader/-/loader-0.26.7.tgz",
      "integrity": "sha512-oYn7LAi6t8WpjUYQU1AwEhXyX+nm1dMOaYRNZrt2/e/iCq8BXMVNh1gAEwoAyH6B+LXLrTyIa8WypYfMGvJIiQ=="
    },
    "assemblyscript": {
      "version": "0.26.7",
      "resolved": "https://registry.npmjs.org/assemblyscript/-/assemblyscript-0.26.7.tgz",
      "integrity": "sha512-+zjr7RZotrNleOc2raZQJVIoMQ906LmZP9Q9C9IUft3o5QIzerQdKboHIwyO4HZUZor3dG0e9vIFK7w1l0PCsw==",
      "dev": true,
      "requires": {
        "binaryen": "111.0.0-nightly.20230111",
        "long": "^5.2.0"
      }
    },
    "benchmark": {
      "version": "2.1.4",
      "resolved": "https://registry.npmjs.org/benchmark/-/benchmark-2.1.4.tgz",
      "integrity": "sha512-l9MlfN4M1K/H2fbhfMy3B7vJd6AGKJVQn2h6Sg/Yx+KckoUA7ewS5Vv6TjSq18ooE1kS9hhAlQRH3AkXIh/aOQ==",
      "requires": {
        "lodash": "^4.17.4",
        "platform": "^1.3.3"
      }
    },
    "binaryen": {
      "version": "111.0.0-nightly.20230111",
      "resolved": "https://registry.npmjs.org/binaryen/-/binaryen-111.0.0-nightly.20230111.tgz",
      "integrity": "sha512-CUEED/yMHoGeGnOZhQJW5+Luf5z/F58PHK5lw2feh5fbbqauodgnxyYkc2oxSjYwHHRCmFmaYyeQH4zlhRbebg==",
      "dev": true
    },
    "lodash": {
      "version": "4.17.21",
      "resolved": "https://registry.npmjs.org/lodash/-/lodash-4.17.21.tgz",
      "integrity": "sha512-v2kDEe57lecTulaDIuNTPy3Ry4gLGJ6Z1O3vE1krgXZNrsQ+LFTGHVxVjcXPs17LhbZVGedAJv8XZ1tvj5FvSg=="
    },
    "long": {
      "version": "5.2.1",
      "resolved": "https://registry.npmjs.org/long/-/long-5.2.1.tgz",
      "integrity": "sha512-GKSNGeNAtw8IryjjkhZxuKB3JzlcLTwjtiQCHKvqQet81I93kXslhDQruGI/QsddO83mcDToBVy7GqGS/zYf/A==",
      "dev": true
    },
    "platform": {
      "version": "1.3.6",
      "resolved": "https://registry.npmjs.org/platform/-/platform-1.3.6.tgz",
      "integrity": "sha512-fnWVljUchTro6RiCFvCXBbNhJc2NijN7oIQxbwsyL0buWJPG85v81ehlHI9fXrJsMNgTofEoWIQeClKpgxFLrg=="
    }
  }
}
